
Microsoft Visual Studio Solution File, Format Version 12.00
# Visual Studio Version 16
VisualStudioVersion = 16.0.31410.357
MinimumVisualStudioVersion = 10.0.40219.1
Project("{FAE04EC0-301F-11D3-BF4B-00C04F79EFBC}") = "Queue", "Queue\Queue.csproj", "{63AF7576-46AD-47E4-8895-379AB4B30EFC}"
EndProject
Global
	GlobalSection(SolutionConfigurationPlatforms) = preSolution
		Debug|Any CPU = Debug|Any CPU
		Release|Any CPU = Release|Any CPU
	EndGlobalSection
	GlobalSection(ProjectConfigurationPlatforms) = postSolution
		{63AF7576-46AD-47E4-8895-379AB4B30EFC}.Debug|Any CPU.ActiveCfg = Debug|Any CPU
		{63AF7576-46AD-47E4-8895-379AB4B30EFC}.Debug|Any CPU.Build.0 = Debug|Any CPU
		{63AF7576-46AD-47E4-8895-379AB4B30EFC}.Release|Any CPU.ActiveCfg = Release|Any CPU
		{63AF7576-46AD-47E4-8895-379AB4B30EFC}.Release|Any CPU.Build.0 = Release|Any CPU
	EndGlobalSection
	GlobalSection(SolutionProperties) = preSolution
		HideSolutionNode = FALSE
	EndGlobalSection
	GlobalSection(ExtensibilityGlobals) = postSolution
		SolutionGuid = {D044BA15-59D2-4C49-9DAD-9AD9A3113BFB}
	EndGlobalSection
EndGlobal
